# @generated by Move, please check-in and do not edit manually.

[move]
version = 3
manifest_digest = "AA63348C0D660D9CB3D17E487934CEAD7775850D9EA0E0D56C1D0B4AF58B7193"
deps_digest = "F8BBB0CCB2491CA29A3DF03D6F92277A4F3574266507ACD77214D37ECA3F3082"
dependencies = [
  { id = "Sui", name = "Sui" },
]

[[move.package]]
id = "MoveStdlib"
source = { git = "https://github.com/MystenLabs/sui.git", rev = "framework/testnet", subdir = "crates\\sui-framework\\packages\\move-stdlib" }

[[move.package]]
id = "Sui"
source = { git = "https://github.com/MystenLabs/sui.git", rev = "framework/testnet", subdir = "crates/sui-framework/packages/sui-framework" }

dependencies = [
  { id = "MoveStdlib", name = "MoveStdlib" },
]

[move.toolchain-version]
compiler-version = "1.41.1"
edition = "2024"
flavor = "sui"

[env]

[env.testnet]
chain-id = "4c78adac"
original-published-id = "0xe0d305f42d33990d65ca78d6421103de96c249f12ac6e01879541c79dc9156b1"
latest-published-id = "0xe0d305f42d33990d65ca78d6421103de96c249f12ac6e01879541c79dc9156b1"
published-version = "1"
